// !$*UTF8*$!
{
	archiveVersion = 1;
	classes = {
	};
	objectVersion = 55;
	objects = {

/* Begin PBXBuildFile section */
		6B6895442898FDA4006369ED /* AppDelegate.swift in Sources */ = {isa = PBXBuildFile; fileRef = 6B6895432898FDA4006369ED /* AppDelegate.swift */; };
		6B6895462898FDA4006369ED /* SceneDelegate.swift in Sources */ = {isa = PBXBuildFile; fileRef = 6B6895452898FDA4006369ED /* SceneDelegate.swift */; };
		6B68954B2898FDA5006369ED /* Main.storyboard in Resources */ = {isa = PBXBuildFile; fileRef = 6B6895492898FDA4006369ED /* Main.storyboard */; };
		6B68954E2898FDA5006369ED /* to_do_list.xcdatamodeld in Sources */ = {isa = PBXBuildFile; fileRef = 6B68954C2898FDA5006369ED /* to_do_list.xcdatamodeld */; };
		6B6895502898FDAC006369ED /* Assets.xcassets in Resources */ = {isa = PBXBuildFile; fileRef = 6B68954F2898FDAC006369ED /* Assets.xcassets */; };
		6B6895532898FDAC006369ED /* LaunchScreen.storyboard in Resources */ = {isa = PBXBuildFile; fileRef = 6B6895512898FDAC006369ED /* LaunchScreen.storyboard */; };
		6B68955E2898FDAD006369ED /* to_do_listTests.swift in Sources */ = {isa = PBXBuildFile; fileRef = 6B68955D2898FDAD006369ED /* to_do_listTests.swift */; };
		6B6895682898FDAD006369ED /* to_do_listUITests.swift in Sources */ = {isa = PBXBuildFile; fileRef = 6B6895672898FDAD006369ED /* to_do_listUITests.swift */; };
		6B68956A2898FDAD006369ED /* to_do_listUITestsLaunchTests.swift in Sources */ = {isa = PBXBuildFile; fileRef = 6B6895692898FDAD006369ED /* to_do_listUITestsLaunchTests.swift */; };
		6B68957928996D3C006369ED /* ToDoTableViewController.swift in Sources */ = {isa = PBXBuildFile; fileRef = 6B68957828996D3C006369ED /* ToDoTableViewController.swift */; };
		6B68957B28996ED8006369ED /* ToDo.swift in Sources */ = {isa = PBXBuildFile; fileRef = 6B68957A28996ED8006369ED /* ToDo.swift */; };
/* End PBXBuildFile section */

/* Begin PBXContainerItemProxy section */
		6B68955A2898FDAD006369ED /* PBXContainerItemProxy */ = {
			isa = PBXContainerItemProxy;
			containerPortal = 6B6895382898FDA4006369ED /* Project object */;
			proxyType = 1;
			remoteGlobalIDString = 6B68953F2898FDA4006369ED;
			remoteInfo = "to do list";
		};
		6B6895642898FDAD006369ED /* PBXContainerItemProxy */ = {
			isa = PBXContainerItemProxy;
			containerPortal = 6B6895382898FDA4006369ED /* Project object */;
			proxyType = 1;
			remoteGlobalIDString = 6B68953F2898FDA4006369ED;
			remoteInfo = "to do list";
		};
/* End PBXContainerItemProxy section */

/* Begin PBXFileReference section */
		6B6895402898FDA4006369ED /* to do list.app */ = {isa = PBXFileReference; explicitFileType = wrapper.application; includeInIndex = 0; path = "to do list.app"; sourceTree = BUILT_PRODUCTS_DIR; };
		6B6895432898FDA4006369ED /* AppDelegate.swift */ = {isa = PBXFileReference; lastKnownFileType = sourcecode.swift; path = AppDelegate.swift; sourceTree = "<group>"; };
		6B6895452898FDA4006369ED /* SceneDelegate.swift */ = {isa = PBXFileReference; lastKnownFileType = sourcecode.swift; path = SceneDelegate.swift; sourceTree = "<group>"; };
		6B68954A2898FDA4006369ED /* Base */ = {isa = PBXFileReference; lastKnownFileType = file.storyboard; name = Base; path = Base.lproj/Main.storyboard; sourceTree = "<group>"; };
		6B68954D2898FDA5006369ED /* to_do_list.xcdatamodel */ = {isa = PBXFileReference; lastKnownFileType = wrapper.xcdatamodel; path = to_do_list.xcdatamodel; sourceTree = "<group>"; };
		6B68954F2898FDAC006369ED /* Assets.xcassets */ = {isa = PBXFileReference; lastKnownFileType = folder.assetcatalog; path = Assets.xcassets; sourceTree = "<group>"; };
		6B6895522898FDAC006369ED /* Base */ = {isa = PBXFileReference; lastKnownFileType = file.storyboard; name = Base; path = Base.lproj/LaunchScreen.storyboard; sourceTree = "<group>"; };
		6B6895542898FDAC006369ED /* Info.plist */ = {isa = PBXFileReference; lastKnownFileType = text.plist.xml; path = Info.plist; sourceTree = "<group>"; };
		6B6895592898FDAD006369ED /* to do listTests.xctest */ = {isa = PBXFileReference; explicitFileType = wrapper.cfbundle; includeInIndex = 0; path = "to do listTests.xctest"; sourceTree = BUILT_PRODUCTS_DIR; };
		6B68955D2898FDAD006369ED /* to_do_listTests.swift */ = {isa = PBXFileReference; lastKnownFileType = sourcecode.swift; path = to_do_listTests.swift; sourceTree = "<group>"; };
		6B6895632898FDAD006369ED /* to do listUITests.xctest */ = {isa = PBXFileReference; explicitFileType = wrapper.cfbundle; includeInIndex = 0; path = "to do listUITests.xctest"; sourceTree = BUILT_PRODUCTS_DIR; };
		6B6895672898FDAD006369ED /* to_do_listUITests.swift */ = {isa = PBXFileReference; lastKnownFileType = sourcecode.swift; path = to_do_listUITests.swift; sourceTree = "<group>"; };
		6B6895692898FDAD006369ED /* to_do_listUITestsLaunchTests.swift */ = {isa = PBXFileReference; lastKnownFileType = sourcecode.swift; path = to_do_listUITestsLaunchTests.swift; sourceTree = "<group>"; };
		6B68957828996D3C006369ED /* ToDoTableViewController.swift */ = {isa = PBXFileReference; lastKnownFileType = sourcecode.swift; path = ToDoTableViewController.swift; sourceTree = "<group>"; };
		6B68957A28996ED8006369ED /* ToDo.swift */ = {isa = PBXFileReference; lastKnownFileType = sourcecode.swift; path = ToDo.swift; sourceTree = "<group>"; };
/* End PBXFileReference section */

/* Begin PBXFrameworksBuildPhase section */
		6B68953D2898FDA4006369ED /* Frameworks */ = {
			isa = PBXFrameworksBuildPhase;
			buildActionMask = 2147483647;
			files = (
			);
			runOnlyForDeploymentPostprocessing = 0;
		};
		6B6895562898FDAD006369ED /* Frameworks */ = {
			isa = PBXFrameworksBuildPhase;
			buildActionMask = 2147483647;
			files = (
			);
			runOnlyForDeploymentPostprocessing = 0;
		};
		6B6895602898FDAD006369ED /* Frameworks */ = {
			isa = PBXFrameworksBuildPhase;
			buildActionMask = 2147483647;
			files = (
			);
			runOnlyForDeploymentPostprocessing = 0;
		};
/* End PBXFrameworksBuildPhase section */

/* Begin PBXGroup section */
		6B6895372898FDA4006369ED = {
			isa = PBXGroup;
			children = (
				6B6895422898FDA4006369ED /* to do list */,
				6B68955C2898FDAD006369ED /* to do listTests */,
				6B6895662898FDAD006369ED /* to do listUITests */,
				6B6895412898FDA4006369ED /* Products */,
			);
			sourceTree = "<group>";
		};
		6B6895412898FDA4006369ED /* Products */ = {
			isa = PBXGroup;
			children = (
				6B6895402898FDA4006369ED /* to do list.app */,
				6B6895592898FDAD006369ED /* to do listTests.xctest */,
				6B6895632898FDAD006369ED /* to do listUITests.xctest */,
			);
			name = Products;
			sourceTree = "<group>";
		};
		6B6895422898FDA4006369ED /* to do list */ = {
			isa = PBXGroup;
			children = (
				6B6895432898FDA4006369ED /* AppDelegate.swift */,
				6B6895452898FDA4006369ED /* SceneDelegate.swift */,
				6B6895492898FDA4006369ED /* Main.storyboard */,
				6B68957A28996ED8006369ED /* ToDo.swift */,
				6B68957828996D3C006369ED /* ToDoTableViewController.swift */,
				6B68954F2898FDAC006369ED /* Assets.xcassets */,
				6B6895512898FDAC006369ED /* LaunchScreen.storyboard */,
				6B6895542898FDAC006369ED /* Info.plist */,
				6B68954C2898FDA5006369ED /* to_do_list.xcdatamodeld */,
			);
			path = "to do list";
			sourceTree = "<group>";
		};
		6B68955C2898FDAD006369ED /* to do listTests */ = {
			isa = PBXGroup;
			children = (
				6B68955D2898FDAD006369ED /* to_do_listTests.swift */,
			);
			path = "to do listTests";
			sourceTree = "<group>";
		};
		6B6895662898FDAD006369ED /* to do listUITests */ = {
			isa = PBXGroup;
			children = (
				6B6895672898FDAD006369ED /* to_do_listUITests.swift */,
				6B6895692898FDAD006369ED /* to_do_listUITestsLaunchTests.swift */,
			);
			path = "to do listUITests";
			sourceTree = "<group>";
		};
/* End PBXGroup section */

/* Begin PBXNativeTarget section */
		6B68953F2898FDA4006369ED /* to do list */ = {
			isa = PBXNativeTarget;
			buildConfigurationList = 6B68956D2898FDAD006369ED /* Build configuration list for PBXNativeTarget "to do list" */;
			buildPhases = (
				6B68953C2898FDA4006369ED /* Sources */,
				6B68953D2898FDA4006369ED /* Frameworks */,
				6B68953E2898FDA4006369ED /* Resources */,
			);
			buildRules = (
			);
			dependencies = (
			);
			name = "to do list";
			productName = "to do list";
			productReference = 6B6895402898FDA4006369ED /* to do list.app */;
			productType = "com.apple.product-type.application";
		};
		6B6895582898FDAD006369ED /* to do listTests */ = {
			isa = PBXNativeTarget;
			buildConfigurationList = 6B6895702898FDAD006369ED /* Build configuration list for PBXNativeTarget "to do listTests" */;
			buildPhases = (
				6B6895552898FDAD006369ED /* Sources */,
				6B6895562898FDAD006369ED /* Frameworks */,
				6B6895572898FDAD006369ED /* Resources */,
			);
			buildRules = (
			);
			dependencies = (
				6B68955B2898FDAD006369ED /* PBXTargetDependency */,
			);
			name = "to do listTests";
			productName = "to do listTests";
			productReference = 6B6895592898FDAD006369ED /* to do listTests.xctest */;
			productType = "com.apple.product-type.bundle.unit-test";
		};
		6B6895622898FDAD006369ED /* to do listUITests */ = {
			isa = PBXNativeTarget;
			buildConfigurationList = 6B6895732898FDAD006369ED /* Build configuration list for PBXNativeTarget "to do listUITests" */;
			buildPhases = (
				6B68955F2898FDAD006369ED /* Sources */,
				6B6895602898FDAD006369ED /* Frameworks */,
				6B6895612898FDAD006369ED /* Resources */,
			);
			buildRules = (
			);
			dependencies = (
				6B6895652898FDAD006369ED /* PBXTargetDependency */,
			);
			name = "to do listUITests";
			productName = "to do listUITests";
			productReference = 6B6895632898FDAD006369ED /* to do listUITests.xctest */;
			productType = "com.apple.product-type.bundle.ui-testing";
		};
/* End PBXNativeTarget section */

/* Begin PBXProject section */
		6B6895382898FDA4006369ED /* Project object */ = {
			isa = PBXProject;
			attributes = {
				BuildIndependentTargetsInParallel = 1;
				LastSwiftUpdateCheck = 1340;
				LastUpgradeCheck = 1340;
				TargetAttributes = {
					6B68953F2898FDA4006369ED = {
						CreatedOnToolsVersion = 13.4.1;
					};
					6B6895582898FDAD006369ED = {
						CreatedOnToolsVersion = 13.4.1;
						TestTargetID = 6B68953F2898FDA4006369ED;
					};
					6B6895622898FDAD006369ED = {
						CreatedOnToolsVersion = 13.4.1;
						TestTargetID = 6B68953F2898FDA4006369ED;
					};
				};
			};
			buildConfigurationList = 6B68953B2898FDA4006369ED /* Build configuration list for PBXProject "to do list" */;
			compatibilityVersion = "Xcode 13.0";
			developmentRegion = en;
			hasScannedForEncodings = 0;
			knownRegions = (
				en,
				Base,
			);
			mainGroup = 6B6895372898FDA4006369ED;
			productRefGroup = 6B6895412898FDA4006369ED /* Products */;
			projectDirPath = "";
			projectRoot = "";
			targets = (
				6B68953F2898FDA4006369ED /* to do list */,
				6B6895582898FDAD006369ED /* to do listTests */,
				6B6895622898FDAD006369ED /* to do listUITests */,
			);
		};
/* End PBXProject section */

/* Begin PBXResourcesBuildPhase section */
		6B68953E2898FDA4006369ED /* Resources */ = {
			isa = PBXResourcesBuildPhase;
			buildActionMask = 2147483647;
			files = (
				6B6895532898FDAC006369ED /* LaunchScreen.storyboard in Resources */,
				6B6895502898FDAC006369ED /* Assets.xcassets in Resources */,
				6B68954B2898FDA5006369ED /* Main.storyboard in Resources */,
			);
			runOnlyForDeploymentPostprocessing = 0;
		};
		6B6895572898FDAD006369ED /* Resources */ = {
			isa = PBXResourcesBuildPhase;
			buildActionMask = 2147483647;
			files = (
			);
			runOnlyForDeploymentPostprocessing = 0;
		};
		6B6895612898FDAD006369ED /* Resources */ = {
			isa = PBXResourcesBuildPhase;
			buildActionMask = 2147483647;
			files = (
			);
			runOnlyForDeploymentPostprocessing = 0;
		};
/* End PBXResourcesBuildPhase section */

/* Begin PBXSourcesBuildPhase section */
		6B68953C2898FDA4006369ED /* Sources */ = {
			isa = PBXSourcesBuildPhase;
			buildActionMask = 2147483647;
			files = (
				6B6895442898FDA4006369ED /* AppDelegate.swift in Sources */,
				6B68957B28996ED8006369ED /* ToDo.swift in Sources */,
				6B68957928996D3C006369ED /* ToDoTableViewController.swift in Sources */,
				6B6895462898FDA4006369ED /* SceneDelegate.swift in Sources */,
				6B68954E2898FDA5006369ED /* to_do_list.xcdatamodeld in Sources */,
			);
			runOnlyForDeploymentPostprocessing = 0;
		};
		6B6895552898FDAD006369ED /* Sources */ = {
			isa = PBXSourcesBuildPhase;
			buildActionMask = 2147483647;
			files = (
				6B68955E2898FDAD006369ED /* to_do_listTests.swift in Sources */,
			);
			runOnlyForDeploymentPostprocessing = 0;
		};
		6B68955F2898FDAD006369ED /* Sources */ = {
			isa = PBXSourcesBuildPhase;
			buildActionMask = 2147483647;
			files = (
				6B68956A2898FDAD006369ED /* to_do_listUITestsLaunchTests.swift in Sources */,
				6B6895682898FDAD006369ED /* to_do_listUITests.swift in Sources */,
			);
			runOnlyForDeploymentPostprocessing = 0;
		};
/* End PBXSourcesBuildPhase section */

/* Begin PBXTargetDependency section */
		6B68955B2898FDAD006369ED /* PBXTargetDependency */ = {
			isa = PBXTargetDependency;
			target = 6B68953F2898FDA4006369ED /* to do list */;
			targetProxy = 6B68955A2898FDAD006369ED /* PBXContainerItemProxy */;
		};
		6B6895652898FDAD006369ED /* PBXTargetDependency */ = {
			isa = PBXTargetDependency;
			target = 6B68953F2898FDA4006369ED /* to do list */;
			targetProxy = 6B6895642898FDAD006369ED /* PBXContainerItemProxy */;
		};
/* End PBXTargetDependency section */

/* Begin PBXVariantGroup section */
		6B6895492898FDA4006369ED /* Main.storyboard */ = {
			isa = PBXVariantGroup;
			children = (
				6B68954A2898FDA4006369ED /* Base */,
			);
			name = Main.storyboard;
			sourceTree = "<group>";
		};
		6B6895512898FDAC006369ED /* LaunchScreen.storyboard */ = {
			isa = PBXVariantGroup;
			children = (
				6B6895522898FDAC006369ED /* Base */,
			);
			name = LaunchScreen.storyboard;
			sourceTree = "<group>";
		};
/* End PBXVariantGroup section */

/* Begin XCBuildConfiguration section */
		6B68956B2898FDAD006369ED /* Debug */ = {
			isa = XCBuildConfiguration;
			buildSettings = {
				ALWAYS_SEARCH_USER_PATHS = NO;
				CLANG_ANALYZER_NONNULL = YES;
				CLANG_ANALYZER_NUMBER_OBJECT_CONVERSION = YES_AGGRESSIVE;
				CLANG_CXX_LANGUAGE_STANDARD = "gnu++17";
				CLANG_ENABLE_MODULES = YES;
				CLANG_ENABLE_OBJC_ARC = YES;
				CLANG_ENABLE_OBJC_WEAK = YES;
				CLANG_WARN_BLOCK_CAPTURE_AUTORELEASING = YES;
				CLANG_WARN_BOOL_CONVERSION = YES;
				CLANG_WARN_COMMA = YES;
				CLANG_WARN_CONSTANT_CONVERSION = YES;
				CLANG_WARN_DEPRECATED_OBJC_IMPLEMENTATIONS = YES;
				CLANG_WARN_DIRECT_OBJC_ISA_USAGE = YES_ERROR;
				CLANG_WARN_DOCUMENTATION_COMMENTS = YES;
				CLANG_WARN_EMPTY_BODY = YES;
				CLANG_WARN_ENUM_CONVERSION = YES;
				CLANG_WARN_INFINITE_RECURSION = YES;
				CLANG_WARN_INT_CONVERSION = YES;
				CLANG_WARN_NON_LITERAL_NULL_CONVERSION = YES;
				CLANG_WARN_OBJC_IMPLICIT_RETAIN_SELF = YES;
				CLANG_WARN_OBJC_LITERAL_CONVERSION = YES;
				CLANG_WARN_OBJC_ROOT_CLASS = YES_ERROR;
				CLANG_WARN_QUOTED_INCLUDE_IN_FRAMEWORK_HEADER = YES;
				CLANG_WARN_RANGE_LOOP_ANALYSIS = YES;
				CLANG_WARN_STRICT_PROTOTYPES = YES;
				CLANG_WARN_SUSPICIOUS_MOVE = YES;
				CLANG_WARN_UNGUARDED_AVAILABILITY = YES_AGGRESSIVE;
				CLANG_WARN_UNREACHABLE_CODE = YES;
				CLANG_WARN__DUPLICATE_METHOD_MATCH = YES;
				COPY_PHASE_STRIP = NO;
				DEBUG_INFORMATION_FORMAT = dwarf;
				ENABLE_STRICT_OBJC_MSGSEND = YES;
				ENABLE_TESTABILITY = YES;
				GCC_C_LANGUAGE_STANDARD = gnu11;
				GCC_DYNAMIC_NO_PIC = NO;
				GCC_NO_COMMON_BLOCKS = YES;
				GCC_OPTIMIZATION_LEVEL = 0;
				GCC_PREPROCESSOR_DEFINITIONS = (
					"DEBUG=1",
					"$(inherited)",
				);
				GCC_WARN_64_TO_32_BIT_CONVERSION = YES;
				GCC_WARN_ABOUT_RETURN_TYPE = YES_ERROR;
				GCC_WARN_UNDECLARED_SELECTOR = YES;
				GCC_WARN_UNINITIALIZED_AUTOS = YES_AGGRESSIVE;
				GCC_WARN_UNUSED_FUNCTION = YES;
				GCC_WARN_UNUSED_VARIABLE = YES;
				IPHONEOS_DEPLOYMENT_TARGET = 15.5;
				MTL_ENABLE_DEBUG_INFO = INCLUDE_SOURCE;
				MTL_FAST_MATH = YES;
				ONLY_ACTIVE_ARCH = YES;
				SDKROOT = iphoneos;
				SWIFT_ACTIVE_COMPILATION_CONDITIONS = DEBUG;
				SWIFT_OPTIMIZATION_LEVEL = "-Onone";
			};
			name = Debug;
		};
		6B68956C2898FDAD006369ED /* Release */ = {
			isa = XCBuildConfiguration;
			buildSettings = {
				ALWAYS_SEARCH_USER_PATHS = NO;
				CLANG_ANALYZER_NONNULL = YES;
				CLANG_ANALYZER_NUMBER_OBJECT_CONVERSION = YES_AGGRESSIVE;
				CLANG_CXX_LANGUAGE_STANDARD = "gnu++17";
				CLANG_ENABLE_MODULES = YES;
				CLANG_ENABLE_OBJC_ARC = YES;
				CLANG_ENABLE_OBJC_WEAK = YES;
				CLANG_WARN_BLOCK_CAPTURE_AUTORELEASING = YES;
				CLANG_WARN_BOOL_CONVERSION = YES;
				CLANG_WARN_COMMA = YES;
				CLANG_WARN_CONSTANT_CONVERSION = YES;
				CLANG_WARN_DEPRECATED_OBJC_IMPLEMENTATIONS = YES;
				CLANG_WARN_DIRECT_OBJC_ISA_USAGE = YES_ERROR;
				CLANG_WARN_DOCUMENTATION_COMMENTS = YES;
				CLANG_WARN_EMPTY_BODY = YES;
				CLANG_WARN_ENUM_CONVERSION = YES;
				CLANG_WARN_INFINITE_RECURSION = YES;
				CLANG_WARN_INT_CONVERSION = YES;
				CLANG_WARN_NON_LITERAL_NULL_CONVERSION = YES;
				CLANG_WARN_OBJC_IMPLICIT_RETAIN_SELF = YES;
				CLANG_WARN_OBJC_LITERAL_CONVERSION = YES;
				CLANG_WARN_OBJC_ROOT_CLASS = YES_ERROR;
				CLANG_WARN_QUOTED_INCLUDE_IN_FRAMEWORK_HEADER = YES;
				CLANG_WARN_RANGE_LOOP_ANALYSIS = YES;
				CLANG_WARN_STRICT_PROTOTYPES = YES;
				CLANG_WARN_SUSPICIOUS_MOVE = YES;
				CLANG_WARN_UNGUARDED_AVAILABILITY = YES_AGGRESSIVE;
				CLANG_WARN_UNREACHABLE_CODE = YES;
				CLANG_WARN__DUPLICATE_METHOD_MATCH = YES;
				COPY_PHASE_STRIP = NO;
				DEBUG_INFORMATION_FORMAT = "dwarf-with-dsym";
				ENABLE_NS_ASSERTIONS = NO;
				ENABLE_STRICT_OBJC_MSGSEND = YES;
				GCC_C_LANGUAGE_STANDARD = gnu11;
				GCC_NO_COMMON_BLOCKS = YES;
				GCC_WARN_64_TO_32_BIT_CONVERSION = YES;
				GCC_WARN_ABOUT_RETURN_TYPE = YES_ERROR;
				GCC_WARN_UNDECLARED_SELECTOR = YES;
				GCC_WARN_UNINITIALIZED_AUTOS = YES_AGGRESSIVE;
				GCC_WARN_UNUSED_FUNCTION = YES;
				GCC_WARN_UNUSED_VARIABLE = YES;
				IPHONEOS_DEPLOYMENT_TARGET = 15.5;
				MTL_ENABLE_DEBUG_INFO = NO;
				MTL_FAST_MATH = YES;
				SDKROOT = iphoneos;
				SWIFT_COMPILATION_MODE = wholemodule;
				SWIFT_OPTIMIZATION_LEVEL = "-O";
				VALIDATE_PRODUCT = YES;
			};
			name = Release;
		};
		6B68956E2898FDAD006369ED /* Debug */ = {
			isa = XCBuildConfiguration;
			buildSettings = {
				ASSETCATALOG_COMPILER_APPICON_NAME = AppIcon;
				ASSETCATALOG_COMPILER_GLOBAL_ACCENT_COLOR_NAME = AccentColor;
				CODE_SIGN_STYLE = Automatic;
				CURRENT_PROJECT_VERSION = 1;
				GENERATE_INFOPLIST_FILE = YES;
				INFOPLIST_FILE = "to do list/Info.plist";
				INFOPLIST_KEY_UIApplicationSupportsIndirectInputEvents = YES;
				INFOPLIST_KEY_UILaunchStoryboardName = LaunchScreen;
				INFOPLIST_KEY_UIMainStoryboardFile = Main;
				INFOPLIST_KEY_UISupportedInterfaceOrientations_iPad = "UIInterfaceOrientationPortrait UIInterfaceOrientationPortraitUpsideDown UIInterfaceOrientationLandscapeLeft UIInterfaceOrientationLandscapeRight";
				INFOPLIST_KEY_UISupportedInterfaceOrientations_iPhone = "UIInterfaceOrientationPortrait UIInterfaceOrientationLandscapeLeft UIInterfaceOrientationLandscapeRight";
				LD_RUNPATH_SEARCH_PATHS = (
					"$(inherited)",
					"@executable_path/Frameworks",
				);
				MARKETING_VERSION = 1.0;
				PRODUCT_BUNDLE_IDENTIFIER = "KWK.to-do-list";
				PRODUCT_NAME = "$(TARGET_NAME)";
				SWIFT_EMIT_LOC_STRINGS = YES;
				SWIFT_VERSION = 5.0;
				TARGETED_DEVICE_FAMILY = "1,2";
			};
			name = Debug;
		};
		6B68956F2898FDAD006369ED /* Release */ = {
			isa = XCBuildConfiguration;
			buildSettings = {
				ASSETCATALOG_COMPILER_APPICON_NAME = AppIcon;
				ASSETCATALOG_COMPILER_GLOBAL_ACCENT_COLOR_NAME = AccentColor;
				CODE_SIGN_STYLE = Automatic;
				CURRENT_PROJECT_VERSION = 1;
				GENERATE_INFOPLIST_FILE = YES;
				INFOPLIST_FILE = "to do list/Info.plist";
				INFOPLIST_KEY_UIApplicationSupportsIndirectInputEvents = YES;
				INFOPLIST_KEY_UILaunchStoryboardName = LaunchScreen;
				INFOPLIST_KEY_UIMainStoryboardFile = Main;
				INFOPLIST_KEY_UISupportedInterfaceOrientations_iPad = "UIInterfaceOrientationPortrait UIInterfaceOrientationPortraitUpsideDown UIInterfaceOrientationLandscapeLeft UIInterfaceOrientationLandscapeRight";
				INFOPLIST_KEY_UISupportedInterfaceOrientations_iPhone = "UIInterfaceOrientationPortrait UIInterfaceOrientationLandscapeLeft UIInterfaceOrientationLandscapeRight";
				LD_RUNPATH_SEARCH_PATHS = (
					"$(inherited)",
					"@executable_path/Frameworks",
				);
				MARKETING_VERSION = 1.0;
				PRODUCT_BUNDLE_IDENTIFIER = "KWK.to-do-list";
				PRODUCT_NAME = "$(TARGET_NAME)";
				SWIFT_EMIT_LOC_STRINGS = YES;
				SWIFT_VERSION = 5.0;
				TARGETED_DEVICE_FAMILY = "1,2";
			};
			name = Release;
		};
		6B6895712898FDAD006369ED /* Debug */ = {
			isa = XCBuildConfiguration;
			buildSettings = {
				ALWAYS_EMBED_SWIFT_STANDARD_LIBRARIES = YES;
				BUNDLE_LOADER = "$(TEST_HOST)";
				CODE_SIGN_STYLE = Automatic;
				CURRENT_PROJECT_VERSION = 1;
				GENERATE_INFOPLIST_FILE = YES;
				IPHONEOS_DEPLOYMENT_TARGET = 15.5;
				MARKETING_VERSION = 1.0;
				PRODUCT_BUNDLE_IDENTIFIER = "KWK.to-do-listTests";
				PRODUCT_NAME = "$(TARGET_NAME)";
				SWIFT_EMIT_LOC_STRINGS = NO;
				SWIFT_VERSION = 5.0;
				TARGETED_DEVICE_FAMILY = "1,2";
				TEST_HOST = "$(BUILT_PRODUCTS_DIR)/to do list.app/to do list";
			};
			name = Debug;
		};
		6B6895722898FDAD006369ED /* Release */ = {
			isa = XCBuildConfiguration;
			buildSettings = {
				ALWAYS_EMBED_SWIFT_STANDARD_LIBRARIES = YES;
				BUNDLE_LOADER = "$(TEST_HOST)";
				CODE_SIGN_STYLE = Automatic;
				CURRENT_PROJECT_VERSION = 1;
				GENERATE_INFOPLIST_FILE = YES;
				IPHONEOS_DEPLOYMENT_TARGET = 15.5;
				MARKETING_VERSION = 1.0;
				PRODUCT_BUNDLE_IDENTIFIER = "KWK.to-do-listTests";
				PRODUCT_NAME = "$(TARGET_NAME)";
				SWIFT_EMIT_LOC_STRINGS = NO;
				SWIFT_VERSION = 5.0;
				TARGETED_DEVICE_FAMILY = "1,2";
				TEST_HOST = "$(BUILT_PRODUCTS_DIR)/to do list.app/to do list";
			};
			name = Release;
		};
		6B6895742898FDAD006369ED /* Debug */ = {
			isa = XCBuildConfiguration;
			buildSettings = {
				ALWAYS_EMBED_SWIFT_STANDARD_LIBRARIES = YES;
				CODE_SIGN_STYLE = Automatic;
				CURRENT_PROJECT_VERSION = 1;
				GENERATE_INFOPLIST_FILE = YES;
				MARKETING_VERSION = 1.0;
				PRODUCT_BUNDLE_IDENTIFIER = "KWK.to-do-listUITests";
				PRODUCT_NAME = "$(TARGET_NAME)";
				SWIFT_EMIT_LOC_STRINGS = NO;
				SWIFT_VERSION = 5.0;
				TARGETED_DEVICE_FAMILY = "1,2";
				TEST_TARGET_NAME = "to do list";
			};
			name = Debug;
		};
		6B6895752898FDAD006369ED /* Release */ = {
			isa = XCBuildConfiguration;
			buildSettings = {
				ALWAYS_EMBED_SWIFT_STANDARD_LIBRARIES = YES;
				CODE_SIGN_STYLE = Automatic;
				CURRENT_PROJECT_VERSION = 1;
				GENERATE_INFOPLIST_FILE = YES;
				MARKETING_VERSION = 1.0;
				PRODUCT_BUNDLE_IDENTIFIER = "KWK.to-do-listUITests";
				PRODUCT_NAME = "$(TARGET_NAME)";
				SWIFT_EMIT_LOC_STRINGS = NO;
				SWIFT_VERSION = 5.0;
				TARGETED_DEVICE_FAMILY = "1,2";
				TEST_TARGET_NAME = "to do list";
			};
			name = Release;
		};
/* End XCBuildConfiguration section */

/* Begin XCConfigurationList section */
		6B68953B2898FDA4006369ED /* Build configuration list for PBXProject "to do list" */ = {
			isa = XCConfigurationList;
			buildConfigurations = (
				6B68956B2898FDAD006369ED /* Debug */,
				6B68956C2898FDAD006369ED /* Release */,
			);
			defaultConfigurationIsVisible = 0;
			defaultConfigurationName = Release;
		};
		6B68956D2898FDAD006369ED /* Build configuration list for PBXNativeTarget "to do list" */ = {
			isa = XCConfigurationList;
			buildConfigurations = (
				6B68956E2898FDAD006369ED /* Debug */,
				6B68956F2898FDAD006369ED /* Release */,
			);
			defaultConfigurationIsVisible = 0;
			defaultConfigurationName = Release;
		};
		6B6895702898FDAD006369ED /* Build configuration list for PBXNativeTarget "to do listTests" */ = {
			isa = XCConfigurationList;
			buildConfigurations = (
				6B6895712898FDAD006369ED /* Debug */,
				6B6895722898FDAD006369ED /* Release */,
			);
			defaultConfigurationIsVisible = 0;
			defaultConfigurationName = Release;
		};
		6B6895732898FDAD006369ED /* Build configuration list for PBXNativeTarget "to do listUITests" */ = {
			isa = XCConfigurationList;
			buildConfigurations = (
				6B6895742898FDAD006369ED /* Debug */,
				6B6895752898FDAD006369ED /* Release */,
			);
			defaultConfigurationIsVisible = 0;
			defaultConfigurationName = Release;
		};
/* End XCConfigurationList section */

/* Begin XCVersionGroup section */
		6B68954C2898FDA5006369ED /* to_do_list.xcdatamodeld */ = {
			isa = XCVersionGroup;
			children = (
				6B68954D2898FDA5006369ED /* to_do_list.xcdatamodel */,
			);
			currentVersion = 6B68954D2898FDA5006369ED /* to_do_list.xcdatamodel */;
			path = to_do_list.xcdatamodeld;
			sourceTree = "<group>";
			versionGroupType = wrapper.xcdatamodel;
		};
/* End XCVersionGroup section */
	};
	rootObject = 6B6895382898FDA4006369ED /* Project object */;
}
